
Microsoft Visual Studio Solution File, Format Version 12.00
# Visual Studio Version 17
VisualStudioVersion = 17.3.32901.215
MinimumVisualStudioVersion = 10.0.40219.1
Project("{8BC9CEB8-8B4A-11D0-8D11-00A0C91BC942}") = "BlankProject", "BlankProject\BlankProject.vcxproj", "{C8B51120-0DB8-4AC8-AD25-42C879848E2B}"
EndProject
Project("{8BC9CEB8-8B4A-11D0-8D11-00A0C91BC942}") = "Ray", "Ray\Ray.vcxproj", "{FA9F1F15-E51C-4C04-99B3-1F0C423540EE}"
EndProject
Global
	GlobalSection(SolutionConfigurationPlatforms) = preSolution
		Debug|x64 = Debug|x64
		Release|x64 = Release|x64
	EndGlobalSection
	GlobalSection(ProjectConfigurationPlatforms) = postSolution
		{C8B51120-0DB8-4AC8-AD25-42C879848E2B}.Debug|x64.ActiveCfg = Debug|x64
		{C8B51120-0DB8-4AC8-AD25-42C879848E2B}.Debug|x64.Build.0 = Debug|x64
		{C8B51120-0DB8-4AC8-AD25-42C879848E2B}.Release|x64.ActiveCfg = Release|x64
		{C8B51120-0DB8-4AC8-AD25-42C879848E2B}.Release|x64.Build.0 = Release|x64
		{FA9F1F15-E51C-4C04-99B3-1F0C423540EE}.Debug|x64.ActiveCfg = Debug|x64
		{FA9F1F15-E51C-4C04-99B3-1F0C423540EE}.Debug|x64.Build.0 = Debug|x64
		{FA9F1F15-E51C-4C04-99B3-1F0C423540EE}.Release|x64.ActiveCfg = Release|x64
		{FA9F1F15-E51C-4C04-99B3-1F0C423540EE}.Release|x64.Build.0 = Release|x64
	EndGlobalSection
	GlobalSection(SolutionProperties) = preSolution
		HideSolutionNode = FALSE
	EndGlobalSection
	GlobalSection(ExtensibilityGlobals) = postSolution
		SolutionGuid = {ED86FECC-7B8E-4B49-B8D0-BFFD697B1F5A}
	EndGlobalSection
EndGlobal
