<?xml version="1.0" encoding="utf-8"?>
<Project ToolsVersion="4.0" xmlns="http://schemas.microsoft.com/developer/msbuild/2003">
  <ItemGroup>
    <Filter Include="Source">
      <UniqueIdentifier>{afb2fd26-f722-4270-be81-f5ce8466fbae}</UniqueIdentifier>
    </Filter>
    <Filter Include="Resources">
      <UniqueIdentifier>{67DA6AB6-F800-4c08-8B7A-83BB121AAD01}</UniqueIdentifier>
      <Extensions>rc;ico;cur;bmp;dlg;rc2;rct;bin;rgs;gif;jpg;jpeg;jpe;resx;tiff;tif;png;wav;mfcribbon-ms</Extensions>
    </Filter>
    <Filter Include="Source\Core">
      <UniqueIdentifier>{75c96fdf-2fb6-49c5-8129-09a192f8d476}</UniqueIdentifier>
    </Filter>
    <Filter Include="Source\Core\Public">
      <UniqueIdentifier>{5e6912f0-aef6-492b-9e94-0fca6f3dd41d}</UniqueIdentifier>
    </Filter>
    <Filter Include="Source\Core\Private">
      <UniqueIdentifier>{ff87199a-760f-4834-b04d-d9b22c6277cc}</UniqueIdentifier>
    </Filter>
    <Filter Include="Source\Core\Classes">
      <UniqueIdentifier>{2064d0be-b05f-439b-98ef-584237ebc701}</UniqueIdentifier>
    </Filter>
    <Filter Include="Source\Engine">
      <UniqueIdentifier>{33acaff5-090a-4a80-9608-b4837ebacd67}</UniqueIdentifier>
    </Filter>
    <Filter Include="Source\Engine\Public">
      <UniqueIdentifier>{be6207c2-e4bd-40c7-9c2f-6880e779fb16}</UniqueIdentifier>
    </Filter>
    <Filter Include="Source\Engine\Private">
      <UniqueIdentifier>{29c1c357-1fad-45d5-82be-5aef4ce9642b}</UniqueIdentifier>
    </Filter>
    <Filter Include="Source\Engine\Classes">
      <UniqueIdentifier>{716b61bf-039c-4dcd-be33-011dd7632fdb}</UniqueIdentifier>
    </Filter>
    <Filter Include="Source\Platform">
      <UniqueIdentifier>{4b2fb70a-bf9e-4a1c-891d-96e6e27996b9}</UniqueIdentifier>
    </Filter>
    <Filter Include="Source\Common">
      <UniqueIdentifier>{996d7400-8e45-4876-86f9-f99a6be73152}</UniqueIdentifier>
    </Filter>
    <Filter Include="Source\Common\Public">
      <UniqueIdentifier>{2833f616-7cf2-4135-ab52-fa22f01979b4}</UniqueIdentifier>
    </Filter>
    <Filter Include="Source\Common\Private">
      <UniqueIdentifier>{3e9a3f53-32f0-407e-8611-4a33b1e82c2b}</UniqueIdentifier>
    </Filter>
    <Filter Include="Source\Common\Classes">
      <UniqueIdentifier>{9e083f3d-df1d-4dd0-9d5a-4afc0fe7fce5}</UniqueIdentifier>
    </Filter>
    <Filter Include="Source\Platform\Win32">
      <UniqueIdentifier>{1627a4c1-1854-431e-b99b-d91d4590dab8}</UniqueIdentifier>
    </Filter>
    <Filter Include="Source\Platform\Win32\Public">
      <UniqueIdentifier>{2de86c91-a27c-411a-8d67-b749c98145cb}</UniqueIdentifier>
    </Filter>
    <Filter Include="Source\Platform\Win32\Private">
      <UniqueIdentifier>{6671bd70-1222-4c1f-a444-1d51e32121a2}</UniqueIdentifier>
    </Filter>
    <Filter Include="Source\Platform\Win32\Classes">
      <UniqueIdentifier>{f36793dc-5c45-4ade-80f2-25e9f27b2396}</UniqueIdentifier>
    </Filter>
    <Filter Include="Source\pch">
      <UniqueIdentifier>{a27e7e1a-112f-4fcd-ae99-65ac7bf21ae4}</UniqueIdentifier>
    </Filter>
    <Filter Include="Source\vendor">
      <UniqueIdentifier>{48fbf6dd-8d36-4f06-bfa3-9c80d39d051a}</UniqueIdentifier>
    </Filter>
    <Filter Include="Source\vendor\glad">
      <UniqueIdentifier>{f42b9696-52ce-408e-a8c8-1fab2fa71c40}</UniqueIdentifier>
    </Filter>
    <Filter Include="Source\vendor\glad\src">
      <UniqueIdentifier>{62316965-c858-4258-98e3-c85fb4ac5263}</UniqueIdentifier>
    </Filter>
    <Filter Include="Source\vendor\glad\include">
      <UniqueIdentifier>{abfb49f4-3359-4c7d-8b91-faa33798f775}</UniqueIdentifier>
    </Filter>
    <Filter Include="Source\vendor\glad\include\glad">
      <UniqueIdentifier>{a9d385b5-9493-4325-9d83-33971dbd6bf5}</UniqueIdentifier>
    </Filter>
    <Filter Include="Source\vendor\glad\include\KHR">
      <UniqueIdentifier>{8884a6e9-164a-485b-b967-a2a69c415220}</UniqueIdentifier>
    </Filter>
    <Filter Include="Source\Math">
      <UniqueIdentifier>{148d717b-155a-46cf-8452-1b4c0c7b488f}</UniqueIdentifier>
    </Filter>
    <Filter Include="Source\Math\Public">
      <UniqueIdentifier>{feb4db51-d482-4e25-8ab4-498cccf0b5e9}</UniqueIdentifier>
    </Filter>
    <Filter Include="Source\Math\Private">
      <UniqueIdentifier>{69bfa401-f19d-4cbd-b980-8370ddb39d7f}</UniqueIdentifier>
    </Filter>
    <Filter Include="Source\Graphics">
      <UniqueIdentifier>{4829785c-cd31-443f-9867-18d73d449825}</UniqueIdentifier>
    </Filter>
    <Filter Include="Source\Graphics\Private">
      <UniqueIdentifier>{cef92f23-7c06-4fea-8db1-afa8d580f81d}</UniqueIdentifier>
    </Filter>
    <Filter Include="Source\Graphics\Public">
      <UniqueIdentifier>{8db75097-be36-40a8-9853-80fbac1bddfb}</UniqueIdentifier>
    </Filter>
    <Filter Include="Source\Graphics\Classes">
      <UniqueIdentifier>{5826b2ac-310a-492f-9a2b-8a6dd0fae25e}</UniqueIdentifier>
    </Filter>
    <Filter Include="Source\Math\Classes">
      <UniqueIdentifier>{2661f18f-d0e5-4609-b7d7-b8f63e606d19}</UniqueIdentifier>
    </Filter>
    <Filter Include="Source\vendor\imgui">
      <UniqueIdentifier>{c58181d5-7fa6-4a56-84d9-b388a28f8ed7}</UniqueIdentifier>
    </Filter>
    <Filter Include="Source\UI">
      <UniqueIdentifier>{47d6e610-3246-408a-9421-8063011ffa7d}</UniqueIdentifier>
    </Filter>
    <Filter Include="Source\UI\Classes">
      <UniqueIdentifier>{61665aa6-4d31-4081-b511-2ba0c3910524}</UniqueIdentifier>
    </Filter>
    <Filter Include="Source\UI\Private">
      <UniqueIdentifier>{7964f4bc-c3f6-4d64-a4b2-8d813c1190b6}</UniqueIdentifier>
    </Filter>
    <Filter Include="Source\UI\Public">
      <UniqueIdentifier>{45c952c8-92da-47ae-a846-672adda0d732}</UniqueIdentifier>
    </Filter>
  </ItemGroup>
  <ItemGroup>
    <ClCompile Include="Source\Core\PerGameSettings.cpp">
      <Filter>Source\Core\Private</Filter>
    </ClCompile>
    <ClCompile Include="Source\Core\Core.cpp">
      <Filter>Source\Core\Private</Filter>
    </ClCompile>
    <ClCompile Include="Source\Core\CoreMinimal.cpp">
      <Filter>Source\Core\Private</Filter>
    </ClCompile>
    <ClCompile Include="Source\Core\CoreDefinitions.cpp">
      <Filter>Source\Core\Private</Filter>
    </ClCompile>
    <ClCompile Include="Source\Engine\Simulation.cpp">
      <Filter>Source\Engine\Private</Filter>
    </ClCompile>
    <ClCompile Include="Source\Engine\REngine.cpp">
      <Filter>Source\Engine\Private</Filter>
    </ClCompile>
    <ClCompile Include="Source\Common\Time.cpp">
      <Filter>Source\Common\Private</Filter>
    </ClCompile>
    <ClCompile Include="Source\Common\Logger.cpp">
      <Filter>Source\Common\Private</Filter>
    </ClCompile>
    <ClCompile Include="Source\Common\CmdLineArgs.cpp">
      <Filter>Source\Common\Private</Filter>
    </ClCompile>
    <ClCompile Include="Source\Engine\Splashscreen.cpp">
      <Filter>Source\Engine\Private</Filter>
    </ClCompile>
    <ClCompile Include="Source\Platform\Win32\w32IApplication.cpp">
      <Filter>Source\Platform\Win32\Private</Filter>
    </ClCompile>
    <ClCompile Include="Source\Platform\Win32\w32SubObject.cpp">
      <Filter>Source\Platform\Win32\Private</Filter>
    </ClCompile>
    <ClCompile Include="Source\Platform\Win32\w32Win32Utils.cpp">
      <Filter>Source\Platform\Win32\Private</Filter>
    </ClCompile>
    <ClCompile Include="Source\Platform\Win32\w32Window.cpp">
      <Filter>Source\Platform\Win32\Private</Filter>
    </ClCompile>
    <ClCompile Include="Source\Platform\Win32\w32Caption.cpp">
      <Filter>Source\Platform\Win32\Private</Filter>
    </ClCompile>
    <ClCompile Include="Source\Ray.cpp">
      <Filter>Source\pch</Filter>
    </ClCompile>
    <ClCompile Include="..\vendor\glad\src\glad.c">
      <Filter>Source\vendor\glad\src</Filter>
    </ClCompile>
    <ClCompile Include="..\vendor\glad\src\glad_wgl.c">
      <Filter>Source\vendor\glad\src</Filter>
    </ClCompile>
    <ClCompile Include="Source\Graphics\Graphics.cpp">
      <Filter>Source\Graphics\Private</Filter>
    </ClCompile>
    <ClCompile Include="Source\Graphics\VAO.cpp">
      <Filter>Source\Graphics\Private</Filter>
    </ClCompile>
    <ClCompile Include="Source\Graphics\UniformBuffer.cpp">
      <Filter>Source\Graphics\Private</Filter>
    </ClCompile>
    <ClCompile Include="Source\Graphics\ShaderProgram.cpp">
      <Filter>Source\Graphics\Private</Filter>
    </ClCompile>
    <ClCompile Include="Source\Math\Mat4.cpp">
      <Filter>Source\Math\Private</Filter>
    </ClCompile>
    <ClCompile Include="Source\Math\Triangle.cpp">
      <Filter>Source\Math\Private</Filter>
    </ClCompile>
    <ClCompile Include="Source\Math\Vec4D.cpp">
      <Filter>Source\Math\Private</Filter>
    </ClCompile>
    <ClCompile Include="Source\Math\Vec3D.cpp">
      <Filter>Source\Math\Private</Filter>
    </ClCompile>
    <ClCompile Include="Source\Math\Vec2D.cpp">
      <Filter>Source\Math\Private</Filter>
    </ClCompile>
    <ClCompile Include="..\vendor\imgui\imgui.cpp">
      <Filter>Source\vendor\imgui</Filter>
    </ClCompile>
    <ClCompile Include="..\vendor\imgui\imgui_demo.cpp">
      <Filter>Source\vendor\imgui</Filter>
    </ClCompile>
    <ClCompile Include="..\vendor\imgui\imgui_draw.cpp">
      <Filter>Source\vendor\imgui</Filter>
    </ClCompile>
    <ClCompile Include="..\vendor\imgui\imgui_impl_opengl3.cpp">
      <Filter>Source\vendor\imgui</Filter>
    </ClCompile>
    <ClCompile Include="..\vendor\imgui\imgui_impl_win32.cpp">
      <Filter>Source\vendor\imgui</Filter>
    </ClCompile>
    <ClCompile Include="..\vendor\imgui\imgui_tables.cpp">
      <Filter>Source\vendor\imgui</Filter>
    </ClCompile>
    <ClCompile Include="..\vendor\imgui\imgui_widgets.cpp">
      <Filter>Source\vendor\imgui</Filter>
    </ClCompile>
    <ClCompile Include="Source\UI\UI.cpp">
      <Filter>Source\UI\Private</Filter>
    </ClCompile>
    <ClCompile Include="Source\Graphics\FrameBuffer.cpp">
      <Filter>Source\Graphics\Private</Filter>
    </ClCompile>
    <ClCompile Include="Source\UI\AssetManager.cpp">
      <Filter>Source\UI\Private</Filter>
    </ClCompile>
  </ItemGroup>
  <ItemGroup>
    <ClInclude Include="Source\Core\PerGameSettings.h">
      <Filter>Source\Core\Classes</Filter>
    </ClInclude>
    <ClInclude Include="Source\Core\Core.h">
      <Filter>Source\Core\Public</Filter>
    </ClInclude>
    <ClInclude Include="Source\Core\CoreMinimal.h">
      <Filter>Source\Core\Public</Filter>
    </ClInclude>
    <ClInclude Include="Source\Core\CoreDefinitions.h">
      <Filter>Source\Core\Public</Filter>
    </ClInclude>
    <ClInclude Include="Source\Engine\REngine.h">
      <Filter>Source\Engine\Classes</Filter>
    </ClInclude>
    <ClInclude Include="Source\Engine\Simulation.h">
      <Filter>Source\Engine\Classes</Filter>
    </ClInclude>
    <ClInclude Include="Source\Common\Logger.h">
      <Filter>Source\Common\Classes</Filter>
    </ClInclude>
    <ClInclude Include="Source\Common\Time.h">
      <Filter>Source\Common\Public</Filter>
    </ClInclude>
    <ClInclude Include="Source\Common\CmdLineArgs.h">
      <Filter>Source\Common\Public</Filter>
    </ClInclude>
    <ClInclude Include="Source\Engine\Splashscreen.h">
      <Filter>Source\Engine\Public</Filter>
    </ClInclude>
    <ClInclude Include="Source\Platform\Win32\w32Win32Utils.h">
      <Filter>Source\Platform\Win32\Public</Filter>
    </ClInclude>
    <ClInclude Include="Source\Platform\Win32\w32Caption.h">
      <Filter>Source\Platform\Win32\Classes</Filter>
    </ClInclude>
    <ClInclude Include="Source\Platform\Win32\w32IApplication.h">
      <Filter>Source\Platform\Win32\Classes</Filter>
    </ClInclude>
    <ClInclude Include="Source\Platform\Win32\w32SubObject.h">
      <Filter>Source\Platform\Win32\Classes</Filter>
    </ClInclude>
    <ClInclude Include="Source\Platform\Win32\w32Window.h">
      <Filter>Source\Platform\Win32\Classes</Filter>
    </ClInclude>
    <ClInclude Include="Source\Ray.h">
      <Filter>Source\pch</Filter>
    </ClInclude>
    <ClInclude Include="Source\Platform\Win32\w32WinEntry.h">
      <Filter>Source\Platform\Win32\Public</Filter>
    </ClInclude>
    <ClInclude Include="..\vendor\glad\include\glad\glad.h">
      <Filter>Source\vendor\glad\include\glad</Filter>
    </ClInclude>
    <ClInclude Include="..\vendor\glad\include\glad\glad_wgl.h">
      <Filter>Source\vendor\glad\include\glad</Filter>
    </ClInclude>
    <ClInclude Include="..\vendor\glad\include\KHR\khrplatform.h">
      <Filter>Source\vendor\glad\include\KHR</Filter>
    </ClInclude>
    <ClInclude Include="Source\Graphics\Graphics.h">
      <Filter>Source\Graphics\Classes</Filter>
    </ClInclude>
    <ClInclude Include="Source\Graphics\ShaderProgram.h">
      <Filter>Source\Graphics\Classes</Filter>
    </ClInclude>
    <ClInclude Include="Source\Graphics\UniformBuffer.h">
      <Filter>Source\Graphics\Classes</Filter>
    </ClInclude>
    <ClInclude Include="Source\Graphics\VAO.h">
      <Filter>Source\Graphics\Classes</Filter>
    </ClInclude>
    <ClInclude Include="Source\Graphics\GraphicsDefinitions.h">
      <Filter>Source\Graphics\Public</Filter>
    </ClInclude>
    <ClInclude Include="Source\Math\Vec4D.h">
      <Filter>Source\Math\Classes</Filter>
    </ClInclude>
    <ClInclude Include="Source\Math\Triangle.h">
      <Filter>Source\Math\Classes</Filter>
    </ClInclude>
    <ClInclude Include="Source\Math\Mat4.h">
      <Filter>Source\Math\Classes</Filter>
    </ClInclude>
    <ClInclude Include="Source\Math\Vec3D.h">
      <Filter>Source\Math\Classes</Filter>
    </ClInclude>
    <ClInclude Include="Source\Math\Vec2D.h">
      <Filter>Source\Math\Classes</Filter>
    </ClInclude>
    <ClInclude Include="..\vendor\imgui\imconfig.h">
      <Filter>Source\vendor\imgui</Filter>
    </ClInclude>
    <ClInclude Include="..\vendor\imgui\imgui.h">
      <Filter>Source\vendor\imgui</Filter>
    </ClInclude>
    <ClInclude Include="..\vendor\imgui\imgui_impl_opengl3.h">
      <Filter>Source\vendor\imgui</Filter>
    </ClInclude>
    <ClInclude Include="..\vendor\imgui\imgui_impl_opengl3_loader.h">
      <Filter>Source\vendor\imgui</Filter>
    </ClInclude>
    <ClInclude Include="..\vendor\imgui\imgui_impl_win32.h">
      <Filter>Source\vendor\imgui</Filter>
    </ClInclude>
    <ClInclude Include="..\vendor\imgui\imgui_internal.h">
      <Filter>Source\vendor\imgui</Filter>
    </ClInclude>
    <ClInclude Include="..\vendor\imgui\imstb_rectpack.h">
      <Filter>Source\vendor\imgui</Filter>
    </ClInclude>
    <ClInclude Include="..\vendor\imgui\imstb_textedit.h">
      <Filter>Source\vendor\imgui</Filter>
    </ClInclude>
    <ClInclude Include="..\vendor\imgui\imstb_truetype.h">
      <Filter>Source\vendor\imgui</Filter>
    </ClInclude>
    <ClInclude Include="Source\UI\UI.h">
      <Filter>Source\UI\Classes</Filter>
    </ClInclude>
    <ClInclude Include="Source\UI\UIDefinitions.h">
      <Filter>Source\UI\Public</Filter>
    </ClInclude>
    <ClInclude Include="Source\Graphics\FrameBuffer.h">
      <Filter>Source\Graphics\Classes</Filter>
    </ClInclude>
    <ClInclude Include="Source\UI\AssetManager.h">
      <Filter>Source\UI\Classes</Filter>
    </ClInclude>
  </ItemGroup>
</Project>